
Microsoft Visual Studio Solution File, Format Version 12.00
# Visual Studio Version 17
VisualStudioVersion = 17.9.34714.143
MinimumVisualStudioVersion = 10.0.40219.1
Project("{9A19103F-16F7-4668-BE54-9A1E7A4F7556}") = "BCSystem.Web", "BCSystem.Web\BCSystem.Web.csproj", "{10FF6469-BAA2-497C-BFA2-947B71921039}"
EndProject
Project("{2150E333-8FDC-42A3-9474-1A3956D46DE8}") = "Main - Project BCSystem", "Main - Project BCSystem", "{F642DF3C-9688-43C7-8B9F-B7718DAF0A57}"
EndProject
Project("{2150E333-8FDC-42A3-9474-1A3956D46DE8}") = "Search Projects", "Search Projects", "{4AD92413-5C14-4D58-9C28-A1D7A47D5761}"
EndProject
Project("{9A19103F-16F7-4668-BE54-9A1E7A4F7556}") = "Auth", "..\..\ERP\NextGen-ERP\src\Auth\Auth\Auth.csproj", "{E431C898-1C54-4DEA-9912-CF652774F4B9}"
EndProject
Project("{9A19103F-16F7-4668-BE54-9A1E7A4F7556}") = "HR.API", "..\..\ERP\NextGen-ERP\src\HR\HR.API\HR.API.csproj", "{68CBDF13-BDDE-4970-ADFC-4CCB737AD195}"
EndProject
Project("{9A19103F-16F7-4668-BE54-9A1E7A4F7556}") = "APIFuelStation", "..\..\ERP\ERPAPI\APIFuelStation.csproj", "{197746B2-1B3B-4115-9CEE-068C3D5382C5}"
EndProject
Global
	GlobalSection(SolutionConfigurationPlatforms) = preSolution
		Debug|Any CPU = Debug|Any CPU
		Release|Any CPU = Release|Any CPU
	EndGlobalSection
	GlobalSection(ProjectConfigurationPlatforms) = postSolution
		{10FF6469-BAA2-497C-BFA2-947B71921039}.Debug|Any CPU.ActiveCfg = Debug|Any CPU
		{10FF6469-BAA2-497C-BFA2-947B71921039}.Debug|Any CPU.Build.0 = Debug|Any CPU
		{10FF6469-BAA2-497C-BFA2-947B71921039}.Release|Any CPU.ActiveCfg = Release|Any CPU
		{10FF6469-BAA2-497C-BFA2-947B71921039}.Release|Any CPU.Build.0 = Release|Any CPU
		{E431C898-1C54-4DEA-9912-CF652774F4B9}.Debug|Any CPU.ActiveCfg = Debug|Any CPU
		{E431C898-1C54-4DEA-9912-CF652774F4B9}.Debug|Any CPU.Build.0 = Debug|Any CPU
		{E431C898-1C54-4DEA-9912-CF652774F4B9}.Release|Any CPU.ActiveCfg = Release|Any CPU
		{E431C898-1C54-4DEA-9912-CF652774F4B9}.Release|Any CPU.Build.0 = Release|Any CPU
		{68CBDF13-BDDE-4970-ADFC-4CCB737AD195}.Debug|Any CPU.ActiveCfg = Debug|Any CPU
		{68CBDF13-BDDE-4970-ADFC-4CCB737AD195}.Debug|Any CPU.Build.0 = Debug|Any CPU
		{68CBDF13-BDDE-4970-ADFC-4CCB737AD195}.Release|Any CPU.ActiveCfg = Release|Any CPU
		{68CBDF13-BDDE-4970-ADFC-4CCB737AD195}.Release|Any CPU.Build.0 = Release|Any CPU
		{197746B2-1B3B-4115-9CEE-068C3D5382C5}.Debug|Any CPU.ActiveCfg = Debug|Any CPU
		{197746B2-1B3B-4115-9CEE-068C3D5382C5}.Debug|Any CPU.Build.0 = Debug|Any CPU
		{197746B2-1B3B-4115-9CEE-068C3D5382C5}.Release|Any CPU.ActiveCfg = Release|Any CPU
		{197746B2-1B3B-4115-9CEE-068C3D5382C5}.Release|Any CPU.Build.0 = Release|Any CPU
	EndGlobalSection
	GlobalSection(SolutionProperties) = preSolution
		HideSolutionNode = FALSE
	EndGlobalSection
	GlobalSection(NestedProjects) = preSolution
		{10FF6469-BAA2-497C-BFA2-947B71921039} = {F642DF3C-9688-43C7-8B9F-B7718DAF0A57}
		{E431C898-1C54-4DEA-9912-CF652774F4B9} = {4AD92413-5C14-4D58-9C28-A1D7A47D5761}
		{68CBDF13-BDDE-4970-ADFC-4CCB737AD195} = {4AD92413-5C14-4D58-9C28-A1D7A47D5761}
		{197746B2-1B3B-4115-9CEE-068C3D5382C5} = {4AD92413-5C14-4D58-9C28-A1D7A47D5761}
	EndGlobalSection
	GlobalSection(ExtensibilityGlobals) = postSolution
		SolutionGuid = {802BB036-FB8E-4CE1-B824-493183DC2449}
	EndGlobalSection
EndGlobal
