
Microsoft Visual Studio Solution File, Format Version 12.00
# Visual Studio Version 17
VisualStudioVersion = 17.9.34714.143
MinimumVisualStudioVersion = 10.0.40219.1
Project("{9A19103F-16F7-4668-BE54-9A1E7A4F7556}") = "BCSystem.Web", "BCSystem.Web\BCSystem.Web.csproj", "{10FF6469-BAA2-497C-BFA2-947B71921039}"
EndProject
Project("{2150E333-8FDC-42A3-9474-1A3956D46DE8}") = "Main - Project BCSystem", "Main - Project BCSystem", "{F642DF3C-9688-43C7-8B9F-B7718DAF0A57}"
EndProject
Project("{2150E333-8FDC-42A3-9474-1A3956D46DE8}") = "Search Projects", "Search Projects", "{4AD92413-5C14-4D58-9C28-A1D7A47D5761}"
EndProject
Project("{9A19103F-16F7-4668-BE54-9A1E7A4F7556}") = "Auth", "..\..\ERP\NextGen-ERP\src\Auth\Auth\Auth.csproj", "{E431C898-1C54-4DEA-9912-CF652774F4B9}"
EndProject
Project("{9A19103F-16F7-4668-BE54-9A1E7A4F7556}") = "HR.API", "..\..\ERP\NextGen-ERP\src\HR\HR.API\HR.API.csproj", "{68CBDF13-BDDE-4970-ADFC-4CCB737AD195}"
EndProject
Project("{9A19103F-16F7-4668-BE54-9A1E7A4F7556}") = "SelfServicePortal.API", "..\..\ERP\NextGen-ERP\src\SelfServicePortal.API\SelfServicePortal.API.csproj", "{270A0F95-975F-437F-A9D8-388EA74056B4}"
EndProject
Project("{9A19103F-16F7-4668-BE54-9A1E7A4F7556}") = "Shared", "..\..\ERP\NextGen-ERP\src\Shared\Shared.csproj", "{99B3BA55-205C-494A-A738-02C70B27E7DC}"
EndProject
Project("{9A19103F-16F7-4668-BE54-9A1E7A4F7556}") = "WebVella.Erp", "..\..\ERP\WebVella-ERP\WebVella.Erp\WebVella.Erp.csproj", "{F064757F-10FD-4BB8-A81F-011E3EF652B0}"
EndProject
Project("{9A19103F-16F7-4668-BE54-9A1E7A4F7556}") = "WebVella.Erp.Site", "..\..\ERP\WebVella-ERP\WebVella.Erp.Site\WebVella.Erp.Site.csproj", "{2D9A3E5B-B1D8-41A5-ACE7-4A4F354B389D}"
EndProject
Project("{9A19103F-16F7-4668-BE54-9A1E7A4F7556}") = "WebVella.Erp.Web", "..\..\ERP\WebVella-ERP\WebVella.Erp.Web\WebVella.Erp.Web.csproj", "{3E3636F5-4370-4A6A-92B4-3EA162C1FCD2}"
EndProject
Project("{9A19103F-16F7-4668-BE54-9A1E7A4F7556}") = "WebVella.Erp.WebAssembly", "..\..\ERP\WebVella-ERP\WebVella.Erp.WebAssembly\Client\WebVella.Erp.WebAssembly.csproj", "{AF6E2A3F-3039-40D2-AD88-68F2CA33E016}"
EndProject
Project("{9A19103F-16F7-4668-BE54-9A1E7A4F7556}") = "WebVella.Erp.WebAssembly.Server", "..\..\ERP\WebVella-ERP\WebVella.Erp.WebAssembly\Server\WebVella.Erp.WebAssembly.Server.csproj", "{FABF658C-1A44-4CDE-9F6C-51ECEA65064B}"
EndProject
Project("{9A19103F-16F7-4668-BE54-9A1E7A4F7556}") = "WebVella.Erp.Site.Crm", "..\..\ERP\WebVella-ERP\WebVella.Erp.Site.Crm\WebVella.Erp.Site.Crm.csproj", "{8FFB49CD-D16F-42BC-8FD2-466B4E1E8902}"
EndProject
Project("{9A19103F-16F7-4668-BE54-9A1E7A4F7556}") = "APIFuelStation", "..\..\ERP\ERPAPI\APIFuelStation.csproj", "{197746B2-1B3B-4115-9CEE-068C3D5382C5}"
EndProject
Global
	GlobalSection(SolutionConfigurationPlatforms) = preSolution
		Debug|Any CPU = Debug|Any CPU
		Release|Any CPU = Release|Any CPU
	EndGlobalSection
	GlobalSection(ProjectConfigurationPlatforms) = postSolution
		{10FF6469-BAA2-497C-BFA2-947B71921039}.Debug|Any CPU.ActiveCfg = Debug|Any CPU
		{10FF6469-BAA2-497C-BFA2-947B71921039}.Debug|Any CPU.Build.0 = Debug|Any CPU
		{10FF6469-BAA2-497C-BFA2-947B71921039}.Release|Any CPU.ActiveCfg = Release|Any CPU
		{10FF6469-BAA2-497C-BFA2-947B71921039}.Release|Any CPU.Build.0 = Release|Any CPU
		{E431C898-1C54-4DEA-9912-CF652774F4B9}.Debug|Any CPU.ActiveCfg = Debug|Any CPU
		{E431C898-1C54-4DEA-9912-CF652774F4B9}.Debug|Any CPU.Build.0 = Debug|Any CPU
		{E431C898-1C54-4DEA-9912-CF652774F4B9}.Release|Any CPU.ActiveCfg = Release|Any CPU
		{E431C898-1C54-4DEA-9912-CF652774F4B9}.Release|Any CPU.Build.0 = Release|Any CPU
		{68CBDF13-BDDE-4970-ADFC-4CCB737AD195}.Debug|Any CPU.ActiveCfg = Debug|Any CPU
		{68CBDF13-BDDE-4970-ADFC-4CCB737AD195}.Debug|Any CPU.Build.0 = Debug|Any CPU
		{68CBDF13-BDDE-4970-ADFC-4CCB737AD195}.Release|Any CPU.ActiveCfg = Release|Any CPU
		{68CBDF13-BDDE-4970-ADFC-4CCB737AD195}.Release|Any CPU.Build.0 = Release|Any CPU
		{270A0F95-975F-437F-A9D8-388EA74056B4}.Debug|Any CPU.ActiveCfg = Debug|Any CPU
		{270A0F95-975F-437F-A9D8-388EA74056B4}.Debug|Any CPU.Build.0 = Debug|Any CPU
		{270A0F95-975F-437F-A9D8-388EA74056B4}.Release|Any CPU.ActiveCfg = Release|Any CPU
		{270A0F95-975F-437F-A9D8-388EA74056B4}.Release|Any CPU.Build.0 = Release|Any CPU
		{99B3BA55-205C-494A-A738-02C70B27E7DC}.Debug|Any CPU.ActiveCfg = Debug|Any CPU
		{99B3BA55-205C-494A-A738-02C70B27E7DC}.Debug|Any CPU.Build.0 = Debug|Any CPU
		{99B3BA55-205C-494A-A738-02C70B27E7DC}.Release|Any CPU.ActiveCfg = Release|Any CPU
		{99B3BA55-205C-494A-A738-02C70B27E7DC}.Release|Any CPU.Build.0 = Release|Any CPU
		{F064757F-10FD-4BB8-A81F-011E3EF652B0}.Debug|Any CPU.ActiveCfg = Debug|Any CPU
		{F064757F-10FD-4BB8-A81F-011E3EF652B0}.Debug|Any CPU.Build.0 = Debug|Any CPU
		{F064757F-10FD-4BB8-A81F-011E3EF652B0}.Release|Any CPU.ActiveCfg = Release|Any CPU
		{F064757F-10FD-4BB8-A81F-011E3EF652B0}.Release|Any CPU.Build.0 = Release|Any CPU
		{2D9A3E5B-B1D8-41A5-ACE7-4A4F354B389D}.Debug|Any CPU.ActiveCfg = Debug|Any CPU
		{2D9A3E5B-B1D8-41A5-ACE7-4A4F354B389D}.Debug|Any CPU.Build.0 = Debug|Any CPU
		{2D9A3E5B-B1D8-41A5-ACE7-4A4F354B389D}.Release|Any CPU.ActiveCfg = Release|Any CPU
		{2D9A3E5B-B1D8-41A5-ACE7-4A4F354B389D}.Release|Any CPU.Build.0 = Release|Any CPU
		{3E3636F5-4370-4A6A-92B4-3EA162C1FCD2}.Debug|Any CPU.ActiveCfg = Debug|Any CPU
		{3E3636F5-4370-4A6A-92B4-3EA162C1FCD2}.Debug|Any CPU.Build.0 = Debug|Any CPU
		{3E3636F5-4370-4A6A-92B4-3EA162C1FCD2}.Release|Any CPU.ActiveCfg = Release|Any CPU
		{3E3636F5-4370-4A6A-92B4-3EA162C1FCD2}.Release|Any CPU.Build.0 = Release|Any CPU
		{AF6E2A3F-3039-40D2-AD88-68F2CA33E016}.Debug|Any CPU.ActiveCfg = Debug|Any CPU
		{AF6E2A3F-3039-40D2-AD88-68F2CA33E016}.Debug|Any CPU.Build.0 = Debug|Any CPU
		{AF6E2A3F-3039-40D2-AD88-68F2CA33E016}.Release|Any CPU.ActiveCfg = Release|Any CPU
		{AF6E2A3F-3039-40D2-AD88-68F2CA33E016}.Release|Any CPU.Build.0 = Release|Any CPU
		{FABF658C-1A44-4CDE-9F6C-51ECEA65064B}.Debug|Any CPU.ActiveCfg = Debug|Any CPU
		{FABF658C-1A44-4CDE-9F6C-51ECEA65064B}.Debug|Any CPU.Build.0 = Debug|Any CPU
		{FABF658C-1A44-4CDE-9F6C-51ECEA65064B}.Release|Any CPU.ActiveCfg = Release|Any CPU
		{FABF658C-1A44-4CDE-9F6C-51ECEA65064B}.Release|Any CPU.Build.0 = Release|Any CPU
		{8FFB49CD-D16F-42BC-8FD2-466B4E1E8902}.Debug|Any CPU.ActiveCfg = Debug|Any CPU
		{8FFB49CD-D16F-42BC-8FD2-466B4E1E8902}.Debug|Any CPU.Build.0 = Debug|Any CPU
		{8FFB49CD-D16F-42BC-8FD2-466B4E1E8902}.Release|Any CPU.ActiveCfg = Release|Any CPU
		{8FFB49CD-D16F-42BC-8FD2-466B4E1E8902}.Release|Any CPU.Build.0 = Release|Any CPU
		{197746B2-1B3B-4115-9CEE-068C3D5382C5}.Debug|Any CPU.ActiveCfg = Debug|Any CPU
		{197746B2-1B3B-4115-9CEE-068C3D5382C5}.Debug|Any CPU.Build.0 = Debug|Any CPU
		{197746B2-1B3B-4115-9CEE-068C3D5382C5}.Release|Any CPU.ActiveCfg = Release|Any CPU
		{197746B2-1B3B-4115-9CEE-068C3D5382C5}.Release|Any CPU.Build.0 = Release|Any CPU
	EndGlobalSection
	GlobalSection(SolutionProperties) = preSolution
		HideSolutionNode = FALSE
	EndGlobalSection
	GlobalSection(NestedProjects) = preSolution
		{10FF6469-BAA2-497C-BFA2-947B71921039} = {F642DF3C-9688-43C7-8B9F-B7718DAF0A57}
		{E431C898-1C54-4DEA-9912-CF652774F4B9} = {4AD92413-5C14-4D58-9C28-A1D7A47D5761}
		{68CBDF13-BDDE-4970-ADFC-4CCB737AD195} = {4AD92413-5C14-4D58-9C28-A1D7A47D5761}
		{270A0F95-975F-437F-A9D8-388EA74056B4} = {4AD92413-5C14-4D58-9C28-A1D7A47D5761}
		{99B3BA55-205C-494A-A738-02C70B27E7DC} = {4AD92413-5C14-4D58-9C28-A1D7A47D5761}
		{F064757F-10FD-4BB8-A81F-011E3EF652B0} = {4AD92413-5C14-4D58-9C28-A1D7A47D5761}
		{2D9A3E5B-B1D8-41A5-ACE7-4A4F354B389D} = {4AD92413-5C14-4D58-9C28-A1D7A47D5761}
		{3E3636F5-4370-4A6A-92B4-3EA162C1FCD2} = {4AD92413-5C14-4D58-9C28-A1D7A47D5761}
		{AF6E2A3F-3039-40D2-AD88-68F2CA33E016} = {4AD92413-5C14-4D58-9C28-A1D7A47D5761}
		{FABF658C-1A44-4CDE-9F6C-51ECEA65064B} = {4AD92413-5C14-4D58-9C28-A1D7A47D5761}
		{8FFB49CD-D16F-42BC-8FD2-466B4E1E8902} = {4AD92413-5C14-4D58-9C28-A1D7A47D5761}
		{197746B2-1B3B-4115-9CEE-068C3D5382C5} = {4AD92413-5C14-4D58-9C28-A1D7A47D5761}
	EndGlobalSection
	GlobalSection(ExtensibilityGlobals) = postSolution
		SolutionGuid = {802BB036-FB8E-4CE1-B824-493183DC2449}
	EndGlobalSection
EndGlobal
